
Microsoft Visual Studio Solution File, Format Version 12.00
# Visual Studio Version 17
VisualStudioVersion = 17.8.34408.163
MinimumVisualStudioVersion = 10.0.40219.1
Project("{FAE04EC0-301F-11D3-BF4B-00C04F79EFBC}") = "Gateway", "Gateway\Gateway.csproj", "{FA6CB1A5-4C1B-497B-91D1-EEEF30A319E1}"
EndProject
Project("{FAE04EC0-301F-11D3-BF4B-00C04F79EFBC}") = "Estoque", "..\Estoque\Estoque.csproj", "{AAA436D8-C1B8-41B8-BCC9-90D1300B9908}"
EndProject
Global
	GlobalSection(SolutionConfigurationPlatforms) = preSolution
		Debug|Any CPU = Debug|Any CPU
		Release|Any CPU = Release|Any CPU
	EndGlobalSection
	GlobalSection(ProjectConfigurationPlatforms) = postSolution
		{FA6CB1A5-4C1B-497B-91D1-EEEF30A319E1}.Debug|Any CPU.ActiveCfg = Debug|Any CPU
		{FA6CB1A5-4C1B-497B-91D1-EEEF30A319E1}.Debug|Any CPU.Build.0 = Debug|Any CPU
		{FA6CB1A5-4C1B-497B-91D1-EEEF30A319E1}.Release|Any CPU.ActiveCfg = Release|Any CPU
		{FA6CB1A5-4C1B-497B-91D1-EEEF30A319E1}.Release|Any CPU.Build.0 = Release|Any CPU
		{AAA436D8-C1B8-41B8-BCC9-90D1300B9908}.Debug|Any CPU.ActiveCfg = Debug|Any CPU
		{AAA436D8-C1B8-41B8-BCC9-90D1300B9908}.Debug|Any CPU.Build.0 = Debug|Any CPU
		{AAA436D8-C1B8-41B8-BCC9-90D1300B9908}.Release|Any CPU.ActiveCfg = Release|Any CPU
		{AAA436D8-C1B8-41B8-BCC9-90D1300B9908}.Release|Any CPU.Build.0 = Release|Any CPU
	EndGlobalSection
	GlobalSection(SolutionProperties) = preSolution
		HideSolutionNode = FALSE
	EndGlobalSection
	GlobalSection(ExtensibilityGlobals) = postSolution
		SolutionGuid = {314FE497-B329-414B-8437-4FF3A858F758}
	EndGlobalSection
EndGlobal
